{
  "version": 4,
  "terraform_version": "1.3.6",
  "serial": 1,
  "lineage": "81df4572-d04b-a366-18af-382a32f18552",
  "outputs": {},
  "resources": [
    {
      "mode": "data",
      "type": "azurerm_client_config",
      "name": "current",
      "provider": "provider[\"registry.terraform.io/hashicorp/azurerm\"]",
      "instances": [
        {
          "schema_version": 0,
          "attributes": {
            "client_id": "04b07795-8ddb-461a-bbee-02f9e1bf7b46",
            "id": "Y2xpZW50Q29uZmlncy9jbGllbnRJZD0wNGIwNzc5NS04ZGRiLTQ2MWEtYmJlZS0wMmY5ZTFiZjdiNDY7b2JqZWN0SWQ9ZjA0OWNjNDMtZWZiNy00ODJhLWFjMTctOTcwNjA5YTFkMGNhO3N1YnNjcmlwdGlvbklkPTVmM2E0NzRiLWNmYmMtNGQ5YS1hMGQ1LTJlYjQ2MTk5NzNkMjt0ZW5hbnRJZD1kYmQ2NjY0ZC00ZWI5LTQ2ZWItOTlkOC01YzQzYmExNTNjNjE=",
            "object_id": "f049cc43-efb7-482a-ac17-970609a1d0ca",
            "subscription_id": "5f3a474b-cfbc-4d9a-a0d5-2eb4619973d2",
            "tenant_id": "dbd6664d-4eb9-46eb-99d8-5c43ba153c61",
            "timeouts": null
          },
          "sensitive_attributes": []
        }
      ]
    },
    {
      "module": "module.rg",
      "mode": "data",
      "type": "azurecaf_name",
      "name": "rg",
      "provider": "provider[\"registry.terraform.io/aztfmod/azurecaf\"]",
      "instances": [
        {
          "schema_version": 0,
          "attributes": {
            "clean_input": true,
            "id": "rg-project-w-demo",
            "name": "project",
            "passthrough": false,
            "prefixes": null,
            "random_length": 0,
            "random_seed": null,
            "resource_type": "azurerm_resource_group",
            "result": "rg-project-w-demo",
            "separator": "-",
            "suffixes": [
              "w",
              "demo"
            ],
            "use_slug": true
          },
          "sensitive_attributes": []
        }
      ]
    },
    {
      "module": "module.rg",
      "mode": "managed",
      "type": "azurerm_resource_group",
      "name": "main_rg",
      "provider": "provider[\"registry.terraform.io/hashicorp/azurerm\"]",
      "instances": [
        {
          "schema_version": 0,
          "attributes": {
            "id": "/subscriptions/5f3a474b-cfbc-4d9a-a0d5-2eb4619973d2/resourceGroups/rg-project-w-demo",
            "location": "francecentral",
            "name": "rg-project-w-demo",
            "tags": {
              "env": "demo",
              "stack": "project"
            },
            "timeouts": null
          },
          "sensitive_attributes": [],
          "private": "eyJlMmJmYjczMC1lY2FhLTExZTYtOGY4OC0zNDM2M2JjN2M0YzAiOnsiY3JlYXRlIjo1NDAwMDAwMDAwMDAwLCJkZWxldGUiOjU0MDAwMDAwMDAwMDAsInJlYWQiOjMwMDAwMDAwMDAwMCwidXBkYXRlIjo1NDAwMDAwMDAwMDAwfX0=",
          "dependencies": [
            "module.rg.data.azurecaf_name.rg"
          ]
        }
      ]
    }
  ],
  "check_results": null
}
