{
  "version": 4,
  "terraform_version": "1.3.6",
  "serial": 158,
  "lineage": "81df4572-d04b-a366-18af-382a32f18552",
  "outputs": {},
  "resources": [
    {
      "mode": "data",
      "type": "azurerm_client_config",
      "name": "current",
      "provider": "provider[\"registry.terraform.io/hashicorp/azurerm\"]",
      "instances": [
        {
          "schema_version": 0,
          "attributes": {
            "client_id": "04b07795-8ddb-461a-bbee-02f9e1bf7b46",
            "id": "Y2xpZW50Q29uZmlncy9jbGllbnRJZD0wNGIwNzc5NS04ZGRiLTQ2MWEtYmJlZS0wMmY5ZTFiZjdiNDY7b2JqZWN0SWQ9ZjA0OWNjNDMtZWZiNy00ODJhLWFjMTctOTcwNjA5YTFkMGNhO3N1YnNjcmlwdGlvbklkPTVmM2E0NzRiLWNmYmMtNGQ5YS1hMGQ1LTJlYjQ2MTk5NzNkMjt0ZW5hbnRJZD1kYmQ2NjY0ZC00ZWI5LTQ2ZWItOTlkOC01YzQzYmExNTNjNjE=",
            "object_id": "f049cc43-efb7-482a-ac17-970609a1d0ca",
            "subscription_id": "5f3a474b-cfbc-4d9a-a0d5-2eb4619973d2",
            "tenant_id": "dbd6664d-4eb9-46eb-99d8-5c43ba153c61",
            "timeouts": null
          },
          "sensitive_attributes": []
        }
      ]
    },
    {
      "module": "module.democluster.module.aks",
      "mode": "data",
      "type": "azurecaf_name",
      "name": "aks",
      "provider": "provider[\"registry.terraform.io/aztfmod/azurecaf\"]",
      "instances": [
        {
          "schema_version": 0,
          "attributes": {
            "clean_input": true,
            "id": "aks-project-ww-frc-demo",
            "name": "project",
            "passthrough": false,
            "prefixes": null,
            "random_length": 0,
            "random_seed": null,
            "resource_type": "azurerm_kubernetes_cluster",
            "result": "aks-project-ww-frc-demo",
            "separator": "-",
            "suffixes": [
              "ww",
              "frc",
              "demo"
            ],
            "use_slug": true
          },
          "sensitive_attributes": []
        }
      ]
    },
    {
      "module": "module.democluster.module.aks",
      "mode": "data",
      "type": "azurecaf_name",
      "name": "aks_identity",
      "provider": "provider[\"registry.terraform.io/aztfmod/azurecaf\"]",
      "instances": [
        {
          "schema_version": 0,
          "attributes": {
            "clean_input": true,
            "id": "aks-msi-project-ww-frc-demo",
            "name": "project",
            "passthrough": false,
            "prefixes": [
              "aks"
            ],
            "random_length": 0,
            "random_seed": null,
            "resource_type": "azurerm_user_assigned_identity",
            "result": "aks-msi-project-ww-frc-demo",
            "separator": "-",
            "suffixes": [
              "ww",
              "frc",
              "demo"
            ],
            "use_slug": true
          },
          "sensitive_attributes": []
        }
      ]
    },
    {
      "module": "module.democluster.module.aks",
      "mode": "data",
      "type": "azurecaf_name",
      "name": "appgw",
      "provider": "provider[\"registry.terraform.io/aztfmod/azurecaf\"]",
      "instances": [
        {
          "schema_version": 0,
          "attributes": {
            "clean_input": true,
            "id": "aks-agw-project-ww-frc-demo",
            "name": "project",
            "passthrough": false,
            "prefixes": [
              "aks"
            ],
            "random_length": 0,
            "random_seed": null,
            "resource_type": "azurerm_application_gateway",
            "result": "aks-agw-project-ww-frc-demo",
            "separator": "-",
            "suffixes": [
              "ww",
              "frc",
              "demo"
            ],
            "use_slug": true
          },
          "sensitive_attributes": []
        }
      ]
    },
    {
      "module": "module.democluster.module.aks",
      "mode": "data",
      "type": "azurecaf_name",
      "name": "appgw_identity",
      "provider": "provider[\"registry.terraform.io/aztfmod/azurecaf\"]",
      "instances": [
        {
          "schema_version": 0,
          "attributes": {
            "clean_input": true,
            "id": "appgw-msi-project-ww-frc-demo",
            "name": "project",
            "passthrough": false,
            "prefixes": [
              "appgw"
            ],
            "random_length": 0,
            "random_seed": null,
            "resource_type": "azurerm_user_assigned_identity",
            "result": "appgw-msi-project-ww-frc-demo",
            "separator": "-",
            "suffixes": [
              "ww",
              "frc",
              "demo"
            ],
            "use_slug": true
          },
          "sensitive_attributes": []
        }
      ]
    },
    {
      "module": "module.democluster.module.aks",
      "mode": "data",
      "type": "azurerm_subscription",
      "name": "current",
      "provider": "provider[\"registry.terraform.io/hashicorp/azurerm\"]",
      "instances": [
        {
          "schema_version": 0,
          "attributes": {
            "display_name": "Azure for Students",
            "id": "/subscriptions/5f3a474b-cfbc-4d9a-a0d5-2eb4619973d2",
            "location_placement_id": "Public_2014-09-01",
            "quota_id": "AzureForStudents_2018-01-01",
            "spending_limit": "Off",
            "state": "Enabled",
            "subscription_id": "5f3a474b-cfbc-4d9a-a0d5-2eb4619973d2",
            "tags": {},
            "tenant_id": "dbd6664d-4eb9-46eb-99d8-5c43ba153c61",
            "timeouts": null
          },
          "sensitive_attributes": []
        }
      ]
    },
    {
      "module": "module.democluster.module.aks",
      "mode": "managed",
      "type": "azurerm_kubernetes_cluster_node_pool",
      "name": "node_pools",
      "provider": "provider[\"registry.terraform.io/hashicorp/azurerm\"]",
      "instances": []
    },
    {
      "module": "module.democluster.module.aks",
      "mode": "managed",
      "type": "azurerm_role_assignment",
      "name": "aks_uai_private_dns_zone_contributor",
      "provider": "provider[\"registry.terraform.io/hashicorp/azurerm\"]",
      "instances": []
    },
    {
      "module": "module.democluster.module.aks",
      "mode": "managed",
      "type": "azurerm_role_assignment",
      "name": "aks_uai_route_table_contributor",
      "provider": "provider[\"registry.terraform.io/hashicorp/azurerm\"]",
      "instances": []
    },
    {
      "module": "module.democluster.module.aks",
      "mode": "managed",
      "type": "azurerm_role_assignment",
      "name": "aks_user_assigned",
      "provider": "provider[\"registry.terraform.io/hashicorp/azurerm\"]",
      "instances": []
    },
    {
      "module": "module.democluster.module.aks",
      "mode": "managed",
      "type": "azurerm_user_assigned_identity",
      "name": "aks_user_assigned_identity",
      "provider": "provider[\"registry.terraform.io/hashicorp/azurerm\"]",
      "instances": [
        {
          "schema_version": 1,
          "attributes": {
            "client_id": "6beeecd0-ef30-4335-879a-2deddd82b43a",
            "id": "/subscriptions/5f3a474b-cfbc-4d9a-a0d5-2eb4619973d2/resourceGroups/rg-project-ww-demo/providers/Microsoft.ManagedIdentity/userAssignedIdentities/aks-msi-project-ww-frc-demo",
            "location": "francecentral",
            "name": "aks-msi-project-ww-frc-demo",
            "principal_id": "79f1e33b-34ce-44fd-b84f-edc71b3b7db8",
            "resource_group_name": "rg-project-ww-demo",
            "tags": {
              "env": "demo",
              "stack": "project"
            },
            "tenant_id": "dbd6664d-4eb9-46eb-99d8-5c43ba153c61",
            "timeouts": null
          },
          "sensitive_attributes": [],
          "private": "eyJlMmJmYjczMC1lY2FhLTExZTYtOGY4OC0zNDM2M2JjN2M0YzAiOnsiY3JlYXRlIjoxODAwMDAwMDAwMDAwLCJkZWxldGUiOjE4MDAwMDAwMDAwMDAsInJlYWQiOjMwMDAwMDAwMDAwMCwidXBkYXRlIjoxODAwMDAwMDAwMDAwfSwic2NoZW1hX3ZlcnNpb24iOiIxIn0=",
          "dependencies": [
            "module.democluster.module.aks.data.azurecaf_name.aks_identity",
            "module.rg.azurerm_management_lock.resource_group_level_lock",
            "module.rg.azurerm_resource_group.main_rg",
            "module.rg.data.azurecaf_name.rg"
          ]
        }
      ]
    },
    {
      "module": "module.democluster.module.aks",
      "mode": "managed",
      "type": "azurerm_user_assigned_identity",
      "name": "appgw_assigned_identity",
      "provider": "provider[\"registry.terraform.io/hashicorp/azurerm\"]",
      "instances": []
    },
    {
      "module": "module.democluster.module.aks.module.appgw",
      "mode": "data",
      "type": "azurerm_resource_group",
      "name": "resource_group",
      "provider": "provider[\"registry.terraform.io/hashicorp/azurerm\"]",
      "instances": [
        {
          "index_key": 0,
          "schema_version": 0,
          "attributes": {
            "id": "/subscriptions/5f3a474b-cfbc-4d9a-a0d5-2eb4619973d2/resourceGroups/rg-project-ww-demo",
            "location": "francecentral",
            "name": "rg-project-ww-demo",
            "tags": {
              "env": "demo",
              "stack": "project"
            },
            "timeouts": null
          },
          "sensitive_attributes": []
        }
      ]
    },
    {
      "module": "module.democluster.module.aks.module.appgw",
      "mode": "data",
      "type": "azurerm_subscription",
      "name": "current",
      "provider": "provider[\"registry.terraform.io/hashicorp/azurerm\"]",
      "instances": [
        {
          "index_key": 0,
          "schema_version": 0,
          "attributes": {
            "display_name": "Azure for Students",
            "id": "/subscriptions/5f3a474b-cfbc-4d9a-a0d5-2eb4619973d2",
            "location_placement_id": "Public_2014-09-01",
            "quota_id": "AzureForStudents_2018-01-01",
            "spending_limit": "Off",
            "state": "Enabled",
            "subscription_id": "5f3a474b-cfbc-4d9a-a0d5-2eb4619973d2",
            "tags": {},
            "tenant_id": "dbd6664d-4eb9-46eb-99d8-5c43ba153c61",
            "timeouts": null
          },
          "sensitive_attributes": []
        }
      ]
    },
    {
      "module": "module.democluster.module.aks.module.appgw",
      "mode": "managed",
      "type": "azurerm_application_gateway",
      "name": "app_gateway",
      "provider": "provider[\"registry.terraform.io/hashicorp/azurerm\"]",
      "instances": [
        {
          "index_key": 0,
          "schema_version": 0,
          "attributes": {
            "authentication_certificate": [],
            "autoscale_configuration": [],
            "backend_address_pool": [
              {
                "fqdns": [
                  "dummy"
                ],
                "id": "/subscriptions/5f3a474b-cfbc-4d9a-a0d5-2eb4619973d2/resourceGroups/rg-project-ww-demo/providers/Microsoft.Network/applicationGateways/aks-agw-project-ww-frc-demo/backendAddressPools/dummy",
                "ip_addresses": [],
                "name": "dummy"
              }
            ],
            "backend_http_settings": [
              {
                "affinity_cookie_name": "ApplicationGatewayAffinity",
                "authentication_certificate": [],
                "connection_draining": [],
                "cookie_based_affinity": "Disabled",
                "host_name": "dummy",
                "id": "/subscriptions/5f3a474b-cfbc-4d9a-a0d5-2eb4619973d2/resourceGroups/rg-project-ww-demo/providers/Microsoft.Network/applicationGateways/aks-agw-project-ww-frc-demo/backendHttpSettingsCollection/dummy",
                "name": "dummy",
                "path": "/",
                "pick_host_name_from_backend_address": false,
                "port": 80,
                "probe_id": "/subscriptions/5f3a474b-cfbc-4d9a-a0d5-2eb4619973d2/resourceGroups/rg-project-ww-demo/providers/Microsoft.Network/applicationGateways/aks-agw-project-ww-frc-demo/probes/dummy",
                "probe_name": "dummy",
                "protocol": "Http",
                "request_timeout": 1,
                "trusted_root_certificate_names": []
              }
            ],
            "custom_error_configuration": [],
            "enable_http2": false,
            "fips_enabled": false,
            "firewall_policy_id": null,
            "force_firewall_policy_association": false,
            "frontend_ip_configuration": [
              {
                "id": "/subscriptions/5f3a474b-cfbc-4d9a-a0d5-2eb4619973d2/resourceGroups/rg-project-ww-demo/providers/Microsoft.Network/applicationGateways/aks-agw-project-ww-frc-demo/frontendIPConfigurations/aks-agw-project-ww-frc-demo-frontipconfig",
                "name": "aks-agw-project-ww-frc-demo-frontipconfig",
                "private_ip_address": "",
                "private_ip_address_allocation": "Dynamic",
                "private_link_configuration_id": "",
                "private_link_configuration_name": "",
                "public_ip_address_id": "/subscriptions/5f3a474b-cfbc-4d9a-a0d5-2eb4619973d2/resourceGroups/rg-project-ww-demo/providers/Microsoft.Network/publicIPAddresses/aks-agw-project-ww-frc-demo-pip",
                "subnet_id": ""
              }
            ],
            "frontend_port": [
              {
                "id": "/subscriptions/5f3a474b-cfbc-4d9a-a0d5-2eb4619973d2/resourceGroups/rg-project-ww-demo/providers/Microsoft.Network/applicationGateways/aks-agw-project-ww-frc-demo/frontendPorts/dummy",
                "name": "dummy",
                "port": 80
              }
            ],
            "gateway_ip_configuration": [
              {
                "id": "/subscriptions/5f3a474b-cfbc-4d9a-a0d5-2eb4619973d2/resourceGroups/rg-project-ww-demo/providers/Microsoft.Network/applicationGateways/aks-agw-project-ww-frc-demo/gatewayIPConfigurations/aks-agw-project-ww-frc-demo-ipconfig",
                "name": "aks-agw-project-ww-frc-demo-ipconfig",
                "subnet_id": "/subscriptions/5f3a474b-cfbc-4d9a-a0d5-2eb4619973d2/resourceGroups/rg-project-ww-demo/providers/Microsoft.Network/virtualNetworks/vnet-project-ww-frc-demo/subnets/snet-project-ww-frc-demo"
              }
            ],
            "global": [],
            "http_listener": [
              {
                "custom_error_configuration": [],
                "firewall_policy_id": "",
                "frontend_ip_configuration_id": "/subscriptions/5f3a474b-cfbc-4d9a-a0d5-2eb4619973d2/resourceGroups/rg-project-ww-demo/providers/Microsoft.Network/applicationGateways/aks-agw-project-ww-frc-demo/frontendIPConfigurations/aks-agw-project-ww-frc-demo-frontipconfig",
                "frontend_ip_configuration_name": "aks-agw-project-ww-frc-demo-frontipconfig",
                "frontend_port_id": "/subscriptions/5f3a474b-cfbc-4d9a-a0d5-2eb4619973d2/resourceGroups/rg-project-ww-demo/providers/Microsoft.Network/applicationGateways/aks-agw-project-ww-frc-demo/frontendPorts/dummy",
                "frontend_port_name": "dummy",
                "host_name": "dummy",
                "host_names": [],
                "id": "/subscriptions/5f3a474b-cfbc-4d9a-a0d5-2eb4619973d2/resourceGroups/rg-project-ww-demo/providers/Microsoft.Network/applicationGateways/aks-agw-project-ww-frc-demo/httpListeners/dummy",
                "name": "dummy",
                "protocol": "Http",
                "require_sni": false,
                "ssl_certificate_id": "",
                "ssl_certificate_name": "",
                "ssl_profile_id": "",
                "ssl_profile_name": ""
              }
            ],
            "id": "/subscriptions/5f3a474b-cfbc-4d9a-a0d5-2eb4619973d2/resourceGroups/rg-project-ww-demo/providers/Microsoft.Network/applicationGateways/aks-agw-project-ww-frc-demo",
            "identity": [],
            "location": "francecentral",
            "name": "aks-agw-project-ww-frc-demo",
            "private_endpoint_connection": [],
            "private_link_configuration": [],
            "probe": [
              {
                "host": "dummy",
                "id": "/subscriptions/5f3a474b-cfbc-4d9a-a0d5-2eb4619973d2/resourceGroups/rg-project-ww-demo/providers/Microsoft.Network/applicationGateways/aks-agw-project-ww-frc-demo/probes/dummy",
                "interval": 30,
                "match": [
                  {
                    "body": "",
                    "status_code": [
                      "200"
                    ]
                  }
                ],
                "minimum_servers": 0,
                "name": "dummy",
                "path": "/",
                "pick_host_name_from_backend_http_settings": false,
                "port": 0,
                "protocol": "Http",
                "timeout": 30,
                "unhealthy_threshold": 3
              }
            ],
            "redirect_configuration": [],
            "request_routing_rule": [
              {
                "backend_address_pool_id": "/subscriptions/5f3a474b-cfbc-4d9a-a0d5-2eb4619973d2/resourceGroups/rg-project-ww-demo/providers/Microsoft.Network/applicationGateways/aks-agw-project-ww-frc-demo/backendAddressPools/dummy",
                "backend_address_pool_name": "dummy",
                "backend_http_settings_id": "/subscriptions/5f3a474b-cfbc-4d9a-a0d5-2eb4619973d2/resourceGroups/rg-project-ww-demo/providers/Microsoft.Network/applicationGateways/aks-agw-project-ww-frc-demo/backendHttpSettingsCollection/dummy",
                "backend_http_settings_name": "dummy",
                "http_listener_id": "/subscriptions/5f3a474b-cfbc-4d9a-a0d5-2eb4619973d2/resourceGroups/rg-project-ww-demo/providers/Microsoft.Network/applicationGateways/aks-agw-project-ww-frc-demo/httpListeners/dummy",
                "http_listener_name": "dummy",
                "id": "/subscriptions/5f3a474b-cfbc-4d9a-a0d5-2eb4619973d2/resourceGroups/rg-project-ww-demo/providers/Microsoft.Network/applicationGateways/aks-agw-project-ww-frc-demo/requestRoutingRules/dummy",
                "name": "dummy",
                "priority": 1,
                "redirect_configuration_id": "",
                "redirect_configuration_name": "",
                "rewrite_rule_set_id": "",
                "rewrite_rule_set_name": "",
                "rule_type": "Basic",
                "url_path_map_id": "",
                "url_path_map_name": ""
              }
            ],
            "resource_group_name": "rg-project-ww-demo",
            "rewrite_rule_set": [],
            "sku": [
              {
                "capacity": 2,
                "name": "Standard_v2",
                "tier": "Standard_v2"
              }
            ],
            "ssl_certificate": [],
            "ssl_policy": [
              {
                "cipher_suites": null,
                "disabled_protocols": null,
                "min_protocol_version": "",
                "policy_name": "AppGwSslPolicy20170401S",
                "policy_type": "Predefined"
              }
            ],
            "ssl_profile": [],
            "tags": {
              "env": "demo",
              "stack": "project"
            },
            "timeouts": null,
            "trusted_client_certificate": [],
            "trusted_root_certificate": [],
            "url_path_map": [],
            "waf_configuration": [],
            "zones": [
              "1",
              "2",
              "3"
            ]
          },
          "sensitive_attributes": [],
          "private": "eyJlMmJmYjczMC1lY2FhLTExZTYtOGY4OC0zNDM2M2JjN2M0YzAiOnsiY3JlYXRlIjo1NDAwMDAwMDAwMDAwLCJkZWxldGUiOjU0MDAwMDAwMDAwMDAsInJlYWQiOjMwMDAwMDAwMDAwMCwidXBkYXRlIjo1NDAwMDAwMDAwMDAwfX0=",
          "dependencies": [
            "module.democluster.module.aks.azurerm_user_assigned_identity.appgw_assigned_identity",
            "module.democluster.module.aks.data.azurecaf_name.appgw",
            "module.democluster.module.aks.module.appgw.azurerm_public_ip.ip",
            "module.democluster.module.appgtw_network_subnet.azurerm_subnet.subnet",
            "module.democluster.module.appgtw_network_subnet.data.azurecaf_name.subnet",
            "module.democluster.module.azure_virtual_network.azurerm_virtual_network.main_vnet",
            "module.democluster.module.azure_virtual_network.data.azurecaf_name.vnet",
            "module.rg.azurerm_management_lock.resource_group_level_lock",
            "module.rg.azurerm_resource_group.main_rg",
            "module.rg.data.azurecaf_name.rg"
          ]
        }
      ]
    },
    {
      "module": "module.democluster.module.aks.module.appgw",
      "mode": "managed",
      "type": "azurerm_public_ip",
      "name": "ip",
      "provider": "provider[\"registry.terraform.io/hashicorp/azurerm\"]",
      "instances": [
        {
          "index_key": 0,
          "schema_version": 0,
          "attributes": {
            "allocation_method": "Static",
            "ddos_protection_mode": "VirtualNetworkInherited",
            "ddos_protection_plan_id": null,
            "domain_name_label": "aks-agw-project-ww-frc-demo-pip",
            "edge_zone": "",
            "fqdn": "aks-agw-project-ww-frc-demo-pip.francecentral.cloudapp.azure.com",
            "id": "/subscriptions/5f3a474b-cfbc-4d9a-a0d5-2eb4619973d2/resourceGroups/rg-project-ww-demo/providers/Microsoft.Network/publicIPAddresses/aks-agw-project-ww-frc-demo-pip",
            "idle_timeout_in_minutes": 4,
            "ip_address": "20.74.115.60",
            "ip_tags": null,
            "ip_version": "IPv4",
            "location": "francecentral",
            "name": "aks-agw-project-ww-frc-demo-pip",
            "public_ip_prefix_id": null,
            "resource_group_name": "rg-project-ww-demo",
            "reverse_fqdn": "",
            "sku": "Standard",
            "sku_tier": "Regional",
            "tags": {
              "env": "demo",
              "stack": "project"
            },
            "timeouts": null,
            "zones": [
              "1",
              "2",
              "3"
            ]
          },
          "sensitive_attributes": [],
          "private": "eyJlMmJmYjczMC1lY2FhLTExZTYtOGY4OC0zNDM2M2JjN2M0YzAiOnsiY3JlYXRlIjoxODAwMDAwMDAwMDAwLCJkZWxldGUiOjE4MDAwMDAwMDAwMDAsInJlYWQiOjMwMDAwMDAwMDAwMCwidXBkYXRlIjoxODAwMDAwMDAwMDAwfX0=",
          "dependencies": [
            "module.democluster.module.aks.azurerm_user_assigned_identity.appgw_assigned_identity",
            "module.democluster.module.aks.data.azurecaf_name.appgw",
            "module.rg.azurerm_management_lock.resource_group_level_lock",
            "module.rg.azurerm_resource_group.main_rg",
            "module.rg.data.azurecaf_name.rg"
          ]
        }
      ]
    },
    {
      "module": "module.democluster.module.aks.module.appgw",
      "mode": "managed",
      "type": "azurerm_role_assignment",
      "name": "agic",
      "provider": "provider[\"registry.terraform.io/hashicorp/azurerm\"]",
      "instances": []
    },
    {
      "module": "module.democluster.module.aks.module.appgw",
      "mode": "managed",
      "type": "azurerm_role_assignment",
      "name": "agic_rg",
      "provider": "provider[\"registry.terraform.io/hashicorp/azurerm\"]",
      "instances": []
    },
    {
      "module": "module.democluster.module.aks.module.appgw",
      "mode": "managed",
      "type": "helm_release",
      "name": "agic",
      "provider": "provider[\"registry.terraform.io/hashicorp/helm\"]",
      "instances": []
    },
    {
      "module": "module.democluster.module.aks.module.appgw.module.diagnostic_settings_appgw[0]",
      "mode": "data",
      "type": "azurecaf_name",
      "name": "diag",
      "provider": "provider[\"registry.terraform.io/aztfmod/azurecaf\"]",
      "instances": [
        {
          "schema_version": 0,
          "attributes": {
            "clean_input": true,
            "id": "amds-default",
            "name": "default",
            "passthrough": false,
            "prefixes": null,
            "random_length": 0,
            "random_seed": null,
            "resource_type": "azurerm_monitor_diagnostic_setting",
            "result": "amds-default",
            "separator": "-",
            "suffixes": null,
            "use_slug": true
          },
          "sensitive_attributes": []
        }
      ]
    },
    {
      "module": "module.democluster.module.aks.module.appgw.module.diagnostic_settings_appgw[0]",
      "mode": "data",
      "type": "azurerm_monitor_diagnostic_categories",
      "name": "main",
      "provider": "provider[\"registry.terraform.io/hashicorp/azurerm\"]",
      "instances": [
        {
          "index_key": 0,
          "schema_version": 0,
          "attributes": {
            "id": "/subscriptions/5f3a474b-cfbc-4d9a-a0d5-2eb4619973d2/resourceGroups/rg-project-ww-demo/providers/Microsoft.Network/applicationGateways/aks-agw-project-ww-frc-demo",
            "log_category_groups": [
              "allLogs"
            ],
            "log_category_types": [
              "ApplicationGatewayAccessLog",
              "ApplicationGatewayFirewallLog",
              "ApplicationGatewayPerformanceLog"
            ],
            "logs": [
              "ApplicationGatewayAccessLog",
              "ApplicationGatewayFirewallLog",
              "ApplicationGatewayPerformanceLog"
            ],
            "metrics": [
              "AllMetrics"
            ],
            "resource_id": "/subscriptions/5f3a474b-cfbc-4d9a-a0d5-2eb4619973d2/resourceGroups/rg-project-ww-demo/providers/Microsoft.Network/applicationGateways/aks-agw-project-ww-frc-demo",
            "timeouts": null
          },
          "sensitive_attributes": []
        }
      ]
    },
    {
      "module": "module.democluster.module.aks.module.appgw.module.diagnostic_settings_appgw[0]",
      "mode": "managed",
      "type": "azurerm_monitor_diagnostic_setting",
      "name": "main",
      "provider": "provider[\"registry.terraform.io/hashicorp/azurerm\"]",
      "instances": [
        {
          "index_key": 0,
          "schema_version": 0,
          "attributes": {
            "eventhub_authorization_rule_id": "",
            "eventhub_name": "",
            "id": "/subscriptions/5f3a474b-cfbc-4d9a-a0d5-2eb4619973d2/resourceGroups/rg-project-ww-demo/providers/Microsoft.Network/applicationGateways/aks-agw-project-ww-frc-demo|default",
            "log": [
              {
                "category": "ApplicationGatewayAccessLog",
                "category_group": "",
                "enabled": true,
                "retention_policy": [
                  {
                    "days": 30,
                    "enabled": true
                  }
                ]
              },
              {
                "category": "ApplicationGatewayFirewallLog",
                "category_group": "",
                "enabled": true,
                "retention_policy": [
                  {
                    "days": 30,
                    "enabled": true
                  }
                ]
              },
              {
                "category": "ApplicationGatewayPerformanceLog",
                "category_group": "",
                "enabled": true,
                "retention_policy": [
                  {
                    "days": 30,
                    "enabled": true
                  }
                ]
              }
            ],
            "log_analytics_destination_type": "",
            "log_analytics_workspace_id": "/subscriptions/5f3a474b-cfbc-4d9a-a0d5-2eb4619973d2/resourceGroups/rg-project-ww-demo/providers/Microsoft.OperationalInsights/workspaces/log-project-ww-frc-demo",
            "metric": [
              {
                "category": "AllMetrics",
                "enabled": true,
                "retention_policy": [
                  {
                    "days": 30,
                    "enabled": true
                  }
                ]
              }
            ],
            "name": "default",
            "partner_solution_id": null,
            "storage_account_id": null,
            "target_resource_id": "/subscriptions/5f3a474b-cfbc-4d9a-a0d5-2eb4619973d2/resourceGroups/rg-project-ww-demo/providers/Microsoft.Network/applicationGateways/aks-agw-project-ww-frc-demo",
            "timeouts": null
          },
          "sensitive_attributes": [],
          "private": "eyJlMmJmYjczMC1lY2FhLTExZTYtOGY4OC0zNDM2M2JjN2M0YzAiOnsiY3JlYXRlIjoxODAwMDAwMDAwMDAwLCJkZWxldGUiOjM2MDAwMDAwMDAwMDAsInJlYWQiOjMwMDAwMDAwMDAwMCwidXBkYXRlIjoxODAwMDAwMDAwMDAwfX0=",
          "dependencies": [
            "module.democluster.module.aks.azurerm_user_assigned_identity.appgw_assigned_identity",
            "module.democluster.module.aks.data.azurecaf_name.appgw",
            "module.democluster.module.aks.module.appgw.azurerm_application_gateway.app_gateway",
            "module.democluster.module.aks.module.appgw.azurerm_public_ip.ip",
            "module.democluster.module.aks.module.appgw.module.diagnostic_settings_appgw.data.azurecaf_name.diag",
            "module.democluster.module.aks.module.appgw.module.diagnostic_settings_appgw.data.azurerm_monitor_diagnostic_categories.main",
            "module.democluster.module.appgtw_network_subnet.azurerm_subnet.subnet",
            "module.democluster.module.appgtw_network_subnet.data.azurecaf_name.subnet",
            "module.democluster.module.azure_virtual_network.azurerm_virtual_network.main_vnet",
            "module.democluster.module.azure_virtual_network.data.azurecaf_name.vnet",
            "module.democluster.module.logs.azurerm_log_analytics_workspace.log_workspace",
            "module.democluster.module.logs.data.azurecaf_name.log_analytics_workspace",
            "module.rg.azurerm_management_lock.resource_group_level_lock",
            "module.rg.azurerm_resource_group.main_rg",
            "module.rg.data.azurecaf_name.rg"
          ]
        }
      ]
    },
    {
      "module": "module.democluster.module.aks.module.certmanager",
      "mode": "managed",
      "type": "helm_release",
      "name": "cert_manager",
      "provider": "provider[\"registry.terraform.io/hashicorp/helm\"]",
      "instances": []
    },
    {
      "module": "module.democluster.module.aks.module.diagnostic_settings",
      "mode": "data",
      "type": "azurecaf_name",
      "name": "diag",
      "provider": "provider[\"registry.terraform.io/aztfmod/azurecaf\"]",
      "instances": [
        {
          "schema_version": 0,
          "attributes": {
            "clean_input": true,
            "id": "amds-default",
            "name": "default",
            "passthrough": false,
            "prefixes": null,
            "random_length": 0,
            "random_seed": null,
            "resource_type": "azurerm_monitor_diagnostic_setting",
            "result": "amds-default",
            "separator": "-",
            "suffixes": null,
            "use_slug": true
          },
          "sensitive_attributes": []
        }
      ]
    },
    {
      "module": "module.democluster.module.aks.module.diagnostic_settings",
      "mode": "data",
      "type": "azurerm_monitor_diagnostic_categories",
      "name": "main",
      "provider": "provider[\"registry.terraform.io/hashicorp/azurerm\"]",
      "instances": []
    },
    {
      "module": "module.democluster.module.aks.module.diagnostic_settings",
      "mode": "managed",
      "type": "azurerm_monitor_diagnostic_setting",
      "name": "main",
      "provider": "provider[\"registry.terraform.io/hashicorp/azurerm\"]",
      "instances": []
    },
    {
      "module": "module.democluster.module.aks.module.infra",
      "mode": "data",
      "type": "azurerm_subscription",
      "name": "current",
      "provider": "provider[\"registry.terraform.io/hashicorp/azurerm\"]",
      "instances": [
        {
          "schema_version": 0,
          "attributes": {
            "display_name": "Azure for Students",
            "id": "/subscriptions/5f3a474b-cfbc-4d9a-a0d5-2eb4619973d2",
            "location_placement_id": "Public_2014-09-01",
            "quota_id": "AzureForStudents_2018-01-01",
            "spending_limit": "Off",
            "state": "Enabled",
            "subscription_id": "5f3a474b-cfbc-4d9a-a0d5-2eb4619973d2",
            "tags": {},
            "tenant_id": "dbd6664d-4eb9-46eb-99d8-5c43ba153c61",
            "timeouts": null
          },
          "sensitive_attributes": []
        }
      ]
    },
    {
      "module": "module.democluster.module.aks.module.infra",
      "mode": "managed",
      "type": "azurerm_role_assignment",
      "name": "aad_pod_identity_msi",
      "provider": "provider[\"registry.terraform.io/hashicorp/azurerm\"]",
      "instances": []
    },
    {
      "module": "module.democluster.module.aks.module.infra",
      "mode": "managed",
      "type": "azurerm_user_assigned_identity",
      "name": "aad_pod_identity",
      "provider": "provider[\"registry.terraform.io/hashicorp/azurerm\"]",
      "instances": []
    },
    {
      "module": "module.democluster.module.aks.module.infra",
      "mode": "managed",
      "type": "helm_release",
      "name": "aad_pod_identity",
      "provider": "provider[\"registry.terraform.io/hashicorp/helm\"]",
      "instances": []
    },
    {
      "module": "module.democluster.module.aks.module.infra",
      "mode": "managed",
      "type": "kubernetes_cluster_role_binding",
      "name": "containerlogs",
      "provider": "provider[\"registry.terraform.io/hashicorp/kubernetes\"]",
      "instances": []
    },
    {
      "module": "module.democluster.module.appgtw_network_subnet",
      "mode": "data",
      "type": "azurecaf_name",
      "name": "subnet",
      "provider": "provider[\"registry.terraform.io/aztfmod/azurecaf\"]",
      "instances": [
        {
          "schema_version": 0,
          "attributes": {
            "clean_input": true,
            "id": "snet-project-ww-frc-demo",
            "name": "project",
            "passthrough": false,
            "prefixes": null,
            "random_length": 0,
            "random_seed": null,
            "resource_type": "azurerm_subnet",
            "result": "snet-project-ww-frc-demo",
            "separator": "-",
            "suffixes": [
              "ww",
              "frc",
              "demo"
            ],
            "use_slug": true
          },
          "sensitive_attributes": []
        }
      ]
    },
    {
      "module": "module.democluster.module.appgtw_network_subnet",
      "mode": "data",
      "type": "azurerm_subscription",
      "name": "current",
      "provider": "provider[\"registry.terraform.io/hashicorp/azurerm\"]",
      "instances": [
        {
          "schema_version": 0,
          "attributes": {
            "display_name": "Azure for Students",
            "id": "/subscriptions/5f3a474b-cfbc-4d9a-a0d5-2eb4619973d2",
            "location_placement_id": "Public_2014-09-01",
            "quota_id": "AzureForStudents_2018-01-01",
            "spending_limit": "Off",
            "state": "Enabled",
            "subscription_id": "5f3a474b-cfbc-4d9a-a0d5-2eb4619973d2",
            "tags": {},
            "tenant_id": "dbd6664d-4eb9-46eb-99d8-5c43ba153c61",
            "timeouts": null
          },
          "sensitive_attributes": []
        }
      ]
    },
    {
      "module": "module.democluster.module.appgtw_network_subnet",
      "mode": "managed",
      "type": "azurerm_subnet",
      "name": "subnet",
      "provider": "provider[\"registry.terraform.io/hashicorp/azurerm\"]",
      "instances": [
        {
          "schema_version": 0,
          "attributes": {
            "address_prefixes": [
              "10.0.1.0/24"
            ],
            "delegation": [],
            "enforce_private_link_endpoint_network_policies": false,
            "enforce_private_link_service_network_policies": false,
            "id": "/subscriptions/5f3a474b-cfbc-4d9a-a0d5-2eb4619973d2/resourceGroups/rg-project-ww-demo/providers/Microsoft.Network/virtualNetworks/vnet-project-ww-frc-demo/subnets/snet-project-ww-frc-demo",
            "name": "snet-project-ww-frc-demo",
            "private_endpoint_network_policies_enabled": true,
            "private_link_service_network_policies_enabled": true,
            "resource_group_name": "rg-project-ww-demo",
            "service_endpoint_policy_ids": null,
            "service_endpoints": null,
            "timeouts": null,
            "virtual_network_name": "vnet-project-ww-frc-demo"
          },
          "sensitive_attributes": [],
          "private": "eyJlMmJmYjczMC1lY2FhLTExZTYtOGY4OC0zNDM2M2JjN2M0YzAiOnsiY3JlYXRlIjoxODAwMDAwMDAwMDAwLCJkZWxldGUiOjE4MDAwMDAwMDAwMDAsInJlYWQiOjMwMDAwMDAwMDAwMCwidXBkYXRlIjoxODAwMDAwMDAwMDAwfX0=",
          "dependencies": [
            "module.democluster.module.appgtw_network_subnet.data.azurecaf_name.subnet",
            "module.democluster.module.azure_virtual_network.azurerm_virtual_network.main_vnet",
            "module.democluster.module.azure_virtual_network.data.azurecaf_name.vnet",
            "module.rg.azurerm_management_lock.resource_group_level_lock",
            "module.rg.azurerm_resource_group.main_rg",
            "module.rg.data.azurecaf_name.rg"
          ]
        }
      ]
    },
    {
      "module": "module.democluster.module.azure_virtual_network",
      "mode": "data",
      "type": "azurecaf_name",
      "name": "vnet",
      "provider": "provider[\"registry.terraform.io/aztfmod/azurecaf\"]",
      "instances": [
        {
          "schema_version": 0,
          "attributes": {
            "clean_input": true,
            "id": "vnet-project-ww-frc-demo",
            "name": "project",
            "passthrough": false,
            "prefixes": null,
            "random_length": 0,
            "random_seed": null,
            "resource_type": "azurerm_virtual_network",
            "result": "vnet-project-ww-frc-demo",
            "separator": "-",
            "suffixes": [
              "ww",
              "frc",
              "demo"
            ],
            "use_slug": true
          },
          "sensitive_attributes": []
        }
      ]
    },
    {
      "module": "module.democluster.module.azure_virtual_network",
      "mode": "managed",
      "type": "azurerm_virtual_network",
      "name": "main_vnet",
      "provider": "provider[\"registry.terraform.io/hashicorp/azurerm\"]",
      "instances": [
        {
          "schema_version": 0,
          "attributes": {
            "address_space": [
              "10.0.0.0/16"
            ],
            "bgp_community": "",
            "ddos_protection_plan": [],
            "dns_servers": [],
            "edge_zone": "",
            "flow_timeout_in_minutes": 0,
            "guid": "052ab5c4-f4d1-4315-9936-60203ef4fa73",
            "id": "/subscriptions/5f3a474b-cfbc-4d9a-a0d5-2eb4619973d2/resourceGroups/rg-project-ww-demo/providers/Microsoft.Network/virtualNetworks/vnet-project-ww-frc-demo",
            "location": "francecentral",
            "name": "vnet-project-ww-frc-demo",
            "resource_group_name": "rg-project-ww-demo",
            "subnet": [],
            "tags": {
              "env": "demo",
              "stack": "project"
            },
            "timeouts": null
          },
          "sensitive_attributes": [],
          "private": "eyJlMmJmYjczMC1lY2FhLTExZTYtOGY4OC0zNDM2M2JjN2M0YzAiOnsiY3JlYXRlIjoxODAwMDAwMDAwMDAwLCJkZWxldGUiOjE4MDAwMDAwMDAwMDAsInJlYWQiOjMwMDAwMDAwMDAwMCwidXBkYXRlIjoxODAwMDAwMDAwMDAwfX0=",
          "dependencies": [
            "module.democluster.module.azure_virtual_network.data.azurecaf_name.vnet",
            "module.rg.azurerm_management_lock.resource_group_level_lock",
            "module.rg.azurerm_resource_group.main_rg",
            "module.rg.data.azurecaf_name.rg"
          ]
        }
      ]
    },
    {
      "module": "module.democluster.module.logs",
      "mode": "data",
      "type": "azurecaf_name",
      "name": "log_analytics_workspace",
      "provider": "provider[\"registry.terraform.io/aztfmod/azurecaf\"]",
      "instances": [
        {
          "schema_version": 0,
          "attributes": {
            "clean_input": true,
            "id": "log-project-ww-frc-demo",
            "name": "project",
            "passthrough": false,
            "prefixes": null,
            "random_length": 0,
            "random_seed": null,
            "resource_type": "azurerm_log_analytics_workspace",
            "result": "log-project-ww-frc-demo",
            "separator": "-",
            "suffixes": [
              "ww",
              "frc",
              "demo"
            ],
            "use_slug": true
          },
          "sensitive_attributes": []
        }
      ]
    },
    {
      "module": "module.democluster.module.logs",
      "mode": "data",
      "type": "azurecaf_name",
      "name": "storage_account",
      "provider": "provider[\"registry.terraform.io/aztfmod/azurecaf\"]",
      "instances": [
        {
          "schema_version": 0,
          "attributes": {
            "clean_input": true,
            "id": "stprojectfrcdemolog",
            "name": "project",
            "passthrough": false,
            "prefixes": null,
            "random_length": 0,
            "random_seed": null,
            "resource_type": "azurerm_storage_account",
            "result": "stprojectfrcdemolog",
            "separator": "-",
            "suffixes": [
              "frc",
              "demo",
              "log"
            ],
            "use_slug": true
          },
          "sensitive_attributes": []
        }
      ]
    },
    {
      "module": "module.democluster.module.logs",
      "mode": "data",
      "type": "azurerm_subscription",
      "name": "current",
      "provider": "provider[\"registry.terraform.io/hashicorp/azurerm\"]",
      "instances": [
        {
          "schema_version": 0,
          "attributes": {
            "display_name": "Azure for Students",
            "id": "/subscriptions/5f3a474b-cfbc-4d9a-a0d5-2eb4619973d2",
            "location_placement_id": "Public_2014-09-01",
            "quota_id": "AzureForStudents_2018-01-01",
            "spending_limit": "Off",
            "state": "Enabled",
            "subscription_id": "5f3a474b-cfbc-4d9a-a0d5-2eb4619973d2",
            "tags": {},
            "tenant_id": "dbd6664d-4eb9-46eb-99d8-5c43ba153c61",
            "timeouts": null
          },
          "sensitive_attributes": []
        }
      ]
    },
    {
      "module": "module.democluster.module.logs",
      "mode": "managed",
      "type": "azurerm_log_analytics_workspace",
      "name": "log_workspace",
      "provider": "provider[\"registry.terraform.io/hashicorp/azurerm\"]",
      "instances": [
        {
          "schema_version": 2,
          "attributes": {
            "allow_resource_only_permissions": true,
            "cmk_for_query_forced": false,
            "daily_quota_gb": -1,
            "id": "/subscriptions/5f3a474b-cfbc-4d9a-a0d5-2eb4619973d2/resourceGroups/rg-project-ww-demo/providers/Microsoft.OperationalInsights/workspaces/log-project-ww-frc-demo",
            "internet_ingestion_enabled": true,
            "internet_query_enabled": true,
            "location": "francecentral",
            "name": "log-project-ww-frc-demo",
            "primary_shared_key": "QTXht47QO0ntJjKbyb8s4eSfK5fsOs3YL17Wj+5S4udyxfZzeRtS6SgROTmEe1xXDibnWQdXDX5nFe2mSjIXDw==",
            "reservation_capacity_in_gb_per_day": null,
            "resource_group_name": "rg-project-ww-demo",
            "retention_in_days": 30,
            "secondary_shared_key": "YGXN6O0kGU2UDzmIpZjCQ6iOAj0e4/NRJ5W3VCbjEVXSQ24RYRVxX2RRXSJoX7zx7AsQelQZIlFjMb5iynIFPQ==",
            "sku": "PerGB2018",
            "tags": {
              "env": "demo",
              "stack": "project"
            },
            "timeouts": null,
            "workspace_id": "39e374ab-506b-4aeb-8cfe-cf65eeca9177"
          },
          "sensitive_attributes": [],
          "private": "eyJlMmJmYjczMC1lY2FhLTExZTYtOGY4OC0zNDM2M2JjN2M0YzAiOnsiY3JlYXRlIjoxODAwMDAwMDAwMDAwLCJkZWxldGUiOjE4MDAwMDAwMDAwMDAsInJlYWQiOjMwMDAwMDAwMDAwMCwidXBkYXRlIjoxODAwMDAwMDAwMDAwfSwic2NoZW1hX3ZlcnNpb24iOiIyIn0=",
          "dependencies": [
            "module.democluster.module.logs.data.azurecaf_name.log_analytics_workspace",
            "module.rg.azurerm_management_lock.resource_group_level_lock",
            "module.rg.azurerm_resource_group.main_rg",
            "module.rg.data.azurecaf_name.rg"
          ]
        }
      ]
    },
    {
      "module": "module.democluster.module.logs",
      "mode": "managed",
      "type": "azurerm_storage_management_policy",
      "name": "archive_storage",
      "provider": "provider[\"registry.terraform.io/hashicorp/azurerm\"]",
      "instances": []
    },
    {
      "module": "module.democluster.module.logs",
      "mode": "managed",
      "type": "null_resource",
      "name": "log_workspace_config",
      "provider": "provider[\"registry.terraform.io/hashicorp/null\"]",
      "instances": [
        {
          "schema_version": 0,
          "attributes": {
            "id": "1345353168517469876",
            "triggers": {
              "iislogs": "false",
              "workspace": "log-project-ww-frc-demo"
            }
          },
          "sensitive_attributes": [],
          "dependencies": [
            "module.democluster.module.logs.azurerm_log_analytics_workspace.log_workspace",
            "module.democluster.module.logs.data.azurecaf_name.log_analytics_workspace",
            "module.democluster.module.logs.data.azurerm_subscription.current",
            "module.rg.azurerm_management_lock.resource_group_level_lock",
            "module.rg.azurerm_resource_group.main_rg",
            "module.rg.data.azurecaf_name.rg"
          ]
        }
      ]
    },
    {
      "module": "module.democluster.module.logs.module.log_sas_token",
      "mode": "data",
      "type": "external",
      "name": "generate_storage_sas_token",
      "provider": "provider[\"registry.terraform.io/hashicorp/external\"]",
      "instances": []
    },
    {
      "module": "module.democluster.module.logs.module.storage_logs",
      "mode": "data",
      "type": "azurecaf_name",
      "name": "sa",
      "provider": "provider[\"registry.terraform.io/aztfmod/azurecaf\"]",
      "instances": [
        {
          "schema_version": 0,
          "attributes": {
            "clean_input": true,
            "id": "stprojectwwfrcdemo",
            "name": "project",
            "passthrough": false,
            "prefixes": null,
            "random_length": 0,
            "random_seed": null,
            "resource_type": "azurerm_storage_account",
            "result": "stprojectwwfrcdemo",
            "separator": "-",
            "suffixes": [
              "ww",
              "frc",
              "demo"
            ],
            "use_slug": true
          },
          "sensitive_attributes": []
        }
      ]
    },
    {
      "module": "module.democluster.module.logs.module.storage_logs",
      "mode": "managed",
      "type": "azurerm_advanced_threat_protection",
      "name": "threat_protection",
      "provider": "provider[\"registry.terraform.io/hashicorp/azurerm\"]",
      "instances": []
    },
    {
      "module": "module.democluster.module.logs.module.storage_logs.module.diagnostics",
      "mode": "data",
      "type": "azurecaf_name",
      "name": "diag",
      "provider": "provider[\"registry.terraform.io/aztfmod/azurecaf\"]",
      "instances": [
        {
          "schema_version": 0,
          "attributes": {
            "clean_input": true,
            "id": "amds-default",
            "name": "default",
            "passthrough": false,
            "prefixes": null,
            "random_length": 0,
            "random_seed": null,
            "resource_type": "azurerm_monitor_diagnostic_setting",
            "result": "amds-default",
            "separator": "-",
            "suffixes": null,
            "use_slug": true
          },
          "sensitive_attributes": []
        }
      ]
    },
    {
      "module": "module.democluster.module.logs.module.storage_logs.module.diagnostics_type[\"blob\"]",
      "mode": "data",
      "type": "azurecaf_name",
      "name": "diag",
      "provider": "provider[\"registry.terraform.io/aztfmod/azurecaf\"]",
      "instances": [
        {
          "schema_version": 0,
          "attributes": {
            "clean_input": true,
            "id": "amds-default",
            "name": "default",
            "passthrough": false,
            "prefixes": null,
            "random_length": 0,
            "random_seed": null,
            "resource_type": "azurerm_monitor_diagnostic_setting",
            "result": "amds-default",
            "separator": "-",
            "suffixes": null,
            "use_slug": true
          },
          "sensitive_attributes": []
        }
      ]
    },
    {
      "module": "module.democluster.module.logs.module.storage_logs.module.diagnostics_type[\"file\"]",
      "mode": "data",
      "type": "azurecaf_name",
      "name": "diag",
      "provider": "provider[\"registry.terraform.io/aztfmod/azurecaf\"]",
      "instances": [
        {
          "schema_version": 0,
          "attributes": {
            "clean_input": true,
            "id": "amds-default",
            "name": "default",
            "passthrough": false,
            "prefixes": null,
            "random_length": 0,
            "random_seed": null,
            "resource_type": "azurerm_monitor_diagnostic_setting",
            "result": "amds-default",
            "separator": "-",
            "suffixes": null,
            "use_slug": true
          },
          "sensitive_attributes": []
        }
      ]
    },
    {
      "module": "module.democluster.module.logs.module.storage_logs.module.diagnostics_type[\"queue\"]",
      "mode": "data",
      "type": "azurecaf_name",
      "name": "diag",
      "provider": "provider[\"registry.terraform.io/aztfmod/azurecaf\"]",
      "instances": [
        {
          "schema_version": 0,
          "attributes": {
            "clean_input": true,
            "id": "amds-default",
            "name": "default",
            "passthrough": false,
            "prefixes": null,
            "random_length": 0,
            "random_seed": null,
            "resource_type": "azurerm_monitor_diagnostic_setting",
            "result": "amds-default",
            "separator": "-",
            "suffixes": null,
            "use_slug": true
          },
          "sensitive_attributes": []
        }
      ]
    },
    {
      "module": "module.democluster.module.logs.module.storage_logs.module.diagnostics_type[\"table\"]",
      "mode": "data",
      "type": "azurecaf_name",
      "name": "diag",
      "provider": "provider[\"registry.terraform.io/aztfmod/azurecaf\"]",
      "instances": [
        {
          "schema_version": 0,
          "attributes": {
            "clean_input": true,
            "id": "amds-default",
            "name": "default",
            "passthrough": false,
            "prefixes": null,
            "random_length": 0,
            "random_seed": null,
            "resource_type": "azurerm_monitor_diagnostic_setting",
            "result": "amds-default",
            "separator": "-",
            "suffixes": null,
            "use_slug": true
          },
          "sensitive_attributes": []
        }
      ]
    },
    {
      "module": "module.democluster.module.node_network_subnet",
      "mode": "data",
      "type": "azurecaf_name",
      "name": "subnet",
      "provider": "provider[\"registry.terraform.io/aztfmod/azurecaf\"]",
      "instances": [
        {
          "schema_version": 0,
          "attributes": {
            "clean_input": true,
            "id": "snet-project-ww-frc-demo",
            "name": "project",
            "passthrough": false,
            "prefixes": null,
            "random_length": 0,
            "random_seed": null,
            "resource_type": "azurerm_subnet",
            "result": "snet-project-ww-frc-demo",
            "separator": "-",
            "suffixes": [
              "ww",
              "frc",
              "demo"
            ],
            "use_slug": true
          },
          "sensitive_attributes": []
        }
      ]
    },
    {
      "module": "module.democluster.module.node_network_subnet",
      "mode": "data",
      "type": "azurerm_subscription",
      "name": "current",
      "provider": "provider[\"registry.terraform.io/hashicorp/azurerm\"]",
      "instances": [
        {
          "schema_version": 0,
          "attributes": {
            "display_name": "Azure for Students",
            "id": "/subscriptions/5f3a474b-cfbc-4d9a-a0d5-2eb4619973d2",
            "location_placement_id": "Public_2014-09-01",
            "quota_id": "AzureForStudents_2018-01-01",
            "spending_limit": "Off",
            "state": "Enabled",
            "subscription_id": "5f3a474b-cfbc-4d9a-a0d5-2eb4619973d2",
            "tags": {},
            "tenant_id": "dbd6664d-4eb9-46eb-99d8-5c43ba153c61",
            "timeouts": null
          },
          "sensitive_attributes": []
        }
      ]
    },
    {
      "module": "module.democluster.module.node_network_subnet",
      "mode": "managed",
      "type": "azurerm_subnet",
      "name": "subnet",
      "provider": "provider[\"registry.terraform.io/hashicorp/azurerm\"]",
      "instances": [
        {
          "schema_version": 0,
          "attributes": {
            "address_prefixes": [
              "10.0.0.0/24"
            ],
            "delegation": [],
            "enforce_private_link_endpoint_network_policies": false,
            "enforce_private_link_service_network_policies": false,
            "id": "/subscriptions/5f3a474b-cfbc-4d9a-a0d5-2eb4619973d2/resourceGroups/rg-project-ww-demo/providers/Microsoft.Network/virtualNetworks/vnet-project-ww-frc-demo/subnets/snet-project-ww-frc-demo",
            "name": "snet-project-ww-frc-demo",
            "private_endpoint_network_policies_enabled": true,
            "private_link_service_network_policies_enabled": true,
            "resource_group_name": "rg-project-ww-demo",
            "service_endpoint_policy_ids": null,
            "service_endpoints": [
              "Microsoft.Storage"
            ],
            "timeouts": null,
            "virtual_network_name": "vnet-project-ww-frc-demo"
          },
          "sensitive_attributes": [],
          "private": "eyJlMmJmYjczMC1lY2FhLTExZTYtOGY4OC0zNDM2M2JjN2M0YzAiOnsiY3JlYXRlIjoxODAwMDAwMDAwMDAwLCJkZWxldGUiOjE4MDAwMDAwMDAwMDAsInJlYWQiOjMwMDAwMDAwMDAwMCwidXBkYXRlIjoxODAwMDAwMDAwMDAwfX0=",
          "dependencies": [
            "module.democluster.module.azure_virtual_network.azurerm_virtual_network.main_vnet",
            "module.democluster.module.azure_virtual_network.data.azurecaf_name.vnet",
            "module.democluster.module.node_network_subnet.data.azurecaf_name.subnet",
            "module.rg.azurerm_management_lock.resource_group_level_lock",
            "module.rg.azurerm_resource_group.main_rg",
            "module.rg.data.azurecaf_name.rg"
          ]
        }
      ]
    },
    {
      "module": "module.democluster.module.omslogs",
      "mode": "data",
      "type": "azurecaf_name",
      "name": "log_analytics_workspace",
      "provider": "provider[\"registry.terraform.io/aztfmod/azurecaf\"]",
      "instances": [
        {
          "schema_version": 0,
          "attributes": {
            "clean_input": true,
            "id": "log-project-ww-oms-frc-demo",
            "name": "project",
            "passthrough": false,
            "prefixes": null,
            "random_length": 0,
            "random_seed": null,
            "resource_type": "azurerm_log_analytics_workspace",
            "result": "log-project-ww-oms-frc-demo",
            "separator": "-",
            "suffixes": [
              "ww-oms",
              "frc",
              "demo"
            ],
            "use_slug": true
          },
          "sensitive_attributes": []
        }
      ]
    },
    {
      "module": "module.democluster.module.omslogs",
      "mode": "data",
      "type": "azurecaf_name",
      "name": "storage_account",
      "provider": "provider[\"registry.terraform.io/aztfmod/azurecaf\"]",
      "instances": [
        {
          "schema_version": 0,
          "attributes": {
            "clean_input": true,
            "id": "stprojectfrcdemolog",
            "name": "project",
            "passthrough": false,
            "prefixes": null,
            "random_length": 0,
            "random_seed": null,
            "resource_type": "azurerm_storage_account",
            "result": "stprojectfrcdemolog",
            "separator": "-",
            "suffixes": [
              "frc",
              "demo",
              "log"
            ],
            "use_slug": true
          },
          "sensitive_attributes": []
        }
      ]
    },
    {
      "module": "module.democluster.module.omslogs",
      "mode": "data",
      "type": "azurerm_subscription",
      "name": "current",
      "provider": "provider[\"registry.terraform.io/hashicorp/azurerm\"]",
      "instances": [
        {
          "schema_version": 0,
          "attributes": {
            "display_name": "Azure for Students",
            "id": "/subscriptions/5f3a474b-cfbc-4d9a-a0d5-2eb4619973d2",
            "location_placement_id": "Public_2014-09-01",
            "quota_id": "AzureForStudents_2018-01-01",
            "spending_limit": "Off",
            "state": "Enabled",
            "subscription_id": "5f3a474b-cfbc-4d9a-a0d5-2eb4619973d2",
            "tags": {},
            "tenant_id": "dbd6664d-4eb9-46eb-99d8-5c43ba153c61",
            "timeouts": null
          },
          "sensitive_attributes": []
        }
      ]
    },
    {
      "module": "module.democluster.module.omslogs",
      "mode": "managed",
      "type": "azurerm_log_analytics_workspace",
      "name": "log_workspace",
      "provider": "provider[\"registry.terraform.io/hashicorp/azurerm\"]",
      "instances": [
        {
          "schema_version": 2,
          "attributes": {
            "allow_resource_only_permissions": true,
            "cmk_for_query_forced": false,
            "daily_quota_gb": -1,
            "id": "/subscriptions/5f3a474b-cfbc-4d9a-a0d5-2eb4619973d2/resourceGroups/rg-project-ww-demo/providers/Microsoft.OperationalInsights/workspaces/log-project-ww-oms-frc-demo",
            "internet_ingestion_enabled": true,
            "internet_query_enabled": true,
            "location": "francecentral",
            "name": "log-project-ww-oms-frc-demo",
            "primary_shared_key": "vudSwl8YffeX8Xj5DN5Uoer8gtnpIE0hNIjcm8SjMVfDmvqfjeQhUd+ORoy65vhvEGbrXJ7wvLz3nnXFpRH/og==",
            "reservation_capacity_in_gb_per_day": null,
            "resource_group_name": "rg-project-ww-demo",
            "retention_in_days": 30,
            "secondary_shared_key": "S0DKgdVhvN+ydpIAPWZZW3jf0SIjEEHzD7dNKrPqMC1hd/WKQzctCDroeCDIprRqD4FvT0Ys0ziQHUBOF/dNWg==",
            "sku": "PerGB2018",
            "tags": {
              "env": "demo",
              "stack": "project"
            },
            "timeouts": null,
            "workspace_id": "f7605815-bfc0-48c7-8337-8ec617438270"
          },
          "sensitive_attributes": [],
          "private": "eyJlMmJmYjczMC1lY2FhLTExZTYtOGY4OC0zNDM2M2JjN2M0YzAiOnsiY3JlYXRlIjoxODAwMDAwMDAwMDAwLCJkZWxldGUiOjE4MDAwMDAwMDAwMDAsInJlYWQiOjMwMDAwMDAwMDAwMCwidXBkYXRlIjoxODAwMDAwMDAwMDAwfSwic2NoZW1hX3ZlcnNpb24iOiIyIn0=",
          "dependencies": [
            "module.democluster.module.omslogs.data.azurecaf_name.log_analytics_workspace",
            "module.rg.azurerm_management_lock.resource_group_level_lock",
            "module.rg.azurerm_resource_group.main_rg",
            "module.rg.data.azurecaf_name.rg"
          ]
        }
      ]
    },
    {
      "module": "module.democluster.module.omslogs",
      "mode": "managed",
      "type": "azurerm_storage_management_policy",
      "name": "archive_storage",
      "provider": "provider[\"registry.terraform.io/hashicorp/azurerm\"]",
      "instances": [
        {
          "index_key": 0,
          "schema_version": 0,
          "attributes": {
            "id": "/subscriptions/5f3a474b-cfbc-4d9a-a0d5-2eb4619973d2/resourceGroups/rg-project-ww-demo/providers/Microsoft.Storage/storageAccounts/stprojectfrcdemolog/managementPolicies/default",
            "rule": [
              {
                "actions": [
                  {
                    "base_blob": [
                      {
                        "delete_after_days_since_creation_greater_than": -1,
                        "delete_after_days_since_last_access_time_greater_than": -1,
                        "delete_after_days_since_modification_greater_than": 365,
                        "tier_to_archive_after_days_since_creation_greater_than": -1,
                        "tier_to_archive_after_days_since_last_access_time_greater_than": -1,
                        "tier_to_archive_after_days_since_last_tier_change_greater_than": -1,
                        "tier_to_archive_after_days_since_modification_greater_than": 90,
                        "tier_to_cool_after_days_since_creation_greater_than": -1,
                        "tier_to_cool_after_days_since_last_access_time_greater_than": -1,
                        "tier_to_cool_after_days_since_modification_greater_than": 30
                      }
                    ],
                    "snapshot": [],
                    "version": []
                  }
                ],
                "enabled": true,
                "filters": [
                  {
                    "blob_types": [
                      "blockBlob"
                    ],
                    "match_blob_index_tag": [],
                    "prefix_match": null
                  }
                ],
                "name": "Archive"
              }
            ],
            "storage_account_id": "/subscriptions/5f3a474b-cfbc-4d9a-a0d5-2eb4619973d2/resourceGroups/rg-project-ww-demo/providers/Microsoft.Storage/storageAccounts/stprojectfrcdemolog",
            "timeouts": null
          },
          "sensitive_attributes": [],
          "private": "eyJlMmJmYjczMC1lY2FhLTExZTYtOGY4OC0zNDM2M2JjN2M0YzAiOnsiY3JlYXRlIjoxODAwMDAwMDAwMDAwLCJkZWxldGUiOjE4MDAwMDAwMDAwMDAsInJlYWQiOjMwMDAwMDAwMDAwMCwidXBkYXRlIjoxODAwMDAwMDAwMDAwfX0=",
          "dependencies": [
            "module.democluster.module.omslogs.data.azurecaf_name.storage_account",
            "module.democluster.module.omslogs.module.storage_logs.azurerm_storage_account.storage",
            "module.democluster.module.omslogs.module.storage_logs.data.azurecaf_name.sa",
            "module.rg.azurerm_management_lock.resource_group_level_lock",
            "module.rg.azurerm_resource_group.main_rg",
            "module.rg.data.azurecaf_name.rg"
          ]
        }
      ]
    },
    {
      "module": "module.democluster.module.omslogs",
      "mode": "managed",
      "type": "null_resource",
      "name": "log_workspace_config",
      "provider": "provider[\"registry.terraform.io/hashicorp/null\"]",
      "instances": [
        {
          "schema_version": 0,
          "attributes": {
            "id": "2601937372323425932",
            "triggers": {
              "iislogs": "false",
              "workspace": "log-project-ww-oms-frc-demo"
            }
          },
          "sensitive_attributes": [],
          "dependencies": [
            "module.democluster.module.omslogs.azurerm_log_analytics_workspace.log_workspace",
            "module.democluster.module.omslogs.data.azurecaf_name.log_analytics_workspace",
            "module.democluster.module.omslogs.data.azurerm_subscription.current",
            "module.rg.azurerm_management_lock.resource_group_level_lock",
            "module.rg.azurerm_resource_group.main_rg",
            "module.rg.data.azurecaf_name.rg"
          ]
        }
      ]
    },
    {
      "module": "module.democluster.module.omslogs.module.log_sas_token",
      "mode": "data",
      "type": "external",
      "name": "generate_storage_sas_token",
      "provider": "provider[\"registry.terraform.io/hashicorp/external\"]",
      "instances": [
        {
          "schema_version": 0,
          "attributes": {
            "id": "-",
            "program": [
              "bash",
              ".terraform/modules/democluster.omslogs.log_sas_token/files/script_sas_token.sh"
            ],
            "query": {
              "permissions_account": "wlacu",
              "permissions_container": "dlrw",
              "resources_types": "co",
              "services": "bt",
              "storage_account_name": "stprojectfrcdemolog;AccountKey",
              "storage_connection_string": "DefaultEndpointsProtocol=https;AccountName=stprojectfrcdemolog;AccountKey=P6C3LP3hswkhohu/R51Gc3puADkO30HTHDWhjqmfo6B/LXXzLlW8McYxZIfwTOwX2XYCxJ2haEsK+AStxH/bcg==;EndpointSuffix=core.windows.net",
              "storage_container": "",
              "token_expiry": "2042-01-01T00:00:00Z"
            },
            "result": {
              "sastoken": "?se=2042-01-01T00%3A00%3A00Z\u0026sp=wlacu\u0026sv=2021-06-08\u0026ss=bt\u0026srt=co\u0026sig=E92tYr0tIHuq67J5GMHNy8Vu4bt0T6LzsrTsB4It3bE%3D"
            },
            "working_dir": null
          },
          "sensitive_attributes": [
            [
              {
                "type": "get_attr",
                "value": "query"
              },
              {
                "type": "index",
                "value": {
                  "value": "storage_account_name",
                  "type": "string"
                }
              }
            ],
            [
              {
                "type": "get_attr",
                "value": "query"
              },
              {
                "type": "index",
                "value": {
                  "value": "storage_connection_string",
                  "type": "string"
                }
              }
            ]
          ]
        }
      ]
    },
    {
      "module": "module.democluster.module.omslogs.module.storage_logs",
      "mode": "data",
      "type": "azurecaf_name",
      "name": "sa",
      "provider": "provider[\"registry.terraform.io/aztfmod/azurecaf\"]",
      "instances": [
        {
          "schema_version": 0,
          "attributes": {
            "clean_input": true,
            "id": "stprojectwwomsfrcdemo",
            "name": "project",
            "passthrough": false,
            "prefixes": null,
            "random_length": 0,
            "random_seed": null,
            "resource_type": "azurerm_storage_account",
            "result": "stprojectwwomsfrcdemo",
            "separator": "-",
            "suffixes": [
              "ww-oms",
              "frc",
              "demo"
            ],
            "use_slug": true
          },
          "sensitive_attributes": []
        }
      ]
    },
    {
      "module": "module.democluster.module.omslogs.module.storage_logs",
      "mode": "managed",
      "type": "azurerm_advanced_threat_protection",
      "name": "threat_protection",
      "provider": "provider[\"registry.terraform.io/hashicorp/azurerm\"]",
      "instances": [
        {
          "schema_version": 1,
          "attributes": {
            "enabled": false,
            "id": "/subscriptions/5f3a474b-cfbc-4d9a-a0d5-2eb4619973d2/resourceGroups/rg-project-ww-demo/providers/Microsoft.Storage/storageAccounts/stprojectfrcdemolog/providers/Microsoft.Security/advancedThreatProtectionSettings/current",
            "target_resource_id": "/subscriptions/5f3a474b-cfbc-4d9a-a0d5-2eb4619973d2/resourceGroups/rg-project-ww-demo/providers/Microsoft.Storage/storageAccounts/stprojectfrcdemolog",
            "timeouts": null
          },
          "sensitive_attributes": [],
          "private": "eyJlMmJmYjczMC1lY2FhLTExZTYtOGY4OC0zNDM2M2JjN2M0YzAiOnsiY3JlYXRlIjoxODAwMDAwMDAwMDAwLCJkZWxldGUiOjE4MDAwMDAwMDAwMDAsInJlYWQiOjMwMDAwMDAwMDAwMCwidXBkYXRlIjoxODAwMDAwMDAwMDAwfSwic2NoZW1hX3ZlcnNpb24iOiIxIn0=",
          "dependencies": [
            "module.democluster.module.omslogs.data.azurecaf_name.storage_account",
            "module.democluster.module.omslogs.module.storage_logs.azurerm_storage_account.storage",
            "module.democluster.module.omslogs.module.storage_logs.data.azurecaf_name.sa",
            "module.rg.azurerm_management_lock.resource_group_level_lock",
            "module.rg.azurerm_resource_group.main_rg",
            "module.rg.data.azurecaf_name.rg"
          ]
        }
      ]
    },
    {
      "module": "module.democluster.module.omslogs.module.storage_logs",
      "mode": "managed",
      "type": "azurerm_storage_account",
      "name": "storage",
      "provider": "provider[\"registry.terraform.io/hashicorp/azurerm\"]",
      "instances": [
        {
          "schema_version": 3,
          "attributes": {
            "access_tier": "Hot",
            "account_kind": "StorageV2",
            "account_replication_type": "LRS",
            "account_tier": "Standard",
            "allow_nested_items_to_be_public": false,
            "azure_files_authentication": [],
            "blob_properties": [
              {
                "change_feed_enabled": false,
                "change_feed_retention_in_days": 0,
                "container_delete_retention_policy": [],
                "cors_rule": [],
                "default_service_version": "",
                "delete_retention_policy": [],
                "last_access_time_enabled": false,
                "restore_policy": [],
                "versioning_enabled": false
              }
            ],
            "cross_tenant_replication_enabled": true,
            "custom_domain": [],
            "customer_managed_key": [],
            "default_to_oauth_authentication": false,
            "edge_zone": "",
            "enable_https_traffic_only": true,
            "id": "/subscriptions/5f3a474b-cfbc-4d9a-a0d5-2eb4619973d2/resourceGroups/rg-project-ww-demo/providers/Microsoft.Storage/storageAccounts/stprojectfrcdemolog",
            "identity": [
              {
                "identity_ids": null,
                "principal_id": "428b2759-05b3-4027-b806-9eec31d359e4",
                "tenant_id": "dbd6664d-4eb9-46eb-99d8-5c43ba153c61",
                "type": "SystemAssigned"
              }
            ],
            "immutability_policy": [],
            "infrastructure_encryption_enabled": false,
            "is_hns_enabled": false,
            "large_file_share_enabled": true,
            "location": "francecentral",
            "min_tls_version": "TLS1_2",
            "name": "stprojectfrcdemolog",
            "network_rules": [
              {
                "bypass": [
                  "AzureServices"
                ],
                "default_action": "Allow",
                "ip_rules": [],
                "private_link_access": [],
                "virtual_network_subnet_ids": []
              }
            ],
            "nfsv3_enabled": false,
            "primary_access_key": "P6C3LP3hswkhohu/R51Gc3puADkO30HTHDWhjqmfo6B/LXXzLlW8McYxZIfwTOwX2XYCxJ2haEsK+AStxH/bcg==",
            "primary_blob_connection_string": "DefaultEndpointsProtocol=https;BlobEndpoint=https://stprojectfrcdemolog.blob.core.windows.net/;AccountName=stprojectfrcdemolog;AccountKey=P6C3LP3hswkhohu/R51Gc3puADkO30HTHDWhjqmfo6B/LXXzLlW8McYxZIfwTOwX2XYCxJ2haEsK+AStxH/bcg==",
            "primary_blob_endpoint": "https://stprojectfrcdemolog.blob.core.windows.net/",
            "primary_blob_host": "stprojectfrcdemolog.blob.core.windows.net",
            "primary_connection_string": "DefaultEndpointsProtocol=https;AccountName=stprojectfrcdemolog;AccountKey=P6C3LP3hswkhohu/R51Gc3puADkO30HTHDWhjqmfo6B/LXXzLlW8McYxZIfwTOwX2XYCxJ2haEsK+AStxH/bcg==;EndpointSuffix=core.windows.net",
            "primary_dfs_endpoint": "https://stprojectfrcdemolog.dfs.core.windows.net/",
            "primary_dfs_host": "stprojectfrcdemolog.dfs.core.windows.net",
            "primary_file_endpoint": "https://stprojectfrcdemolog.file.core.windows.net/",
            "primary_file_host": "stprojectfrcdemolog.file.core.windows.net",
            "primary_location": "francecentral",
            "primary_queue_endpoint": "https://stprojectfrcdemolog.queue.core.windows.net/",
            "primary_queue_host": "stprojectfrcdemolog.queue.core.windows.net",
            "primary_table_endpoint": "https://stprojectfrcdemolog.table.core.windows.net/",
            "primary_table_host": "stprojectfrcdemolog.table.core.windows.net",
            "primary_web_endpoint": "https://stprojectfrcdemolog.z28.web.core.windows.net/",
            "primary_web_host": "stprojectfrcdemolog.z28.web.core.windows.net",
            "public_network_access_enabled": true,
            "queue_encryption_key_type": "Service",
            "queue_properties": [
              {
                "cors_rule": [],
                "hour_metrics": [
                  {
                    "enabled": false,
                    "include_apis": false,
                    "retention_policy_days": 0,
                    "version": "1.0"
                  }
                ],
                "logging": [
                  {
                    "delete": true,
                    "read": true,
                    "retention_policy_days": 10,
                    "version": "1.0",
                    "write": true
                  }
                ],
                "minute_metrics": [
                  {
                    "enabled": false,
                    "include_apis": false,
                    "retention_policy_days": 0,
                    "version": "1.0"
                  }
                ]
              }
            ],
            "resource_group_name": "rg-project-ww-demo",
            "routing": [],
            "sas_policy": [],
            "secondary_access_key": "W7UU02+AA2Sn6l1BXONy5B4VzYMbCti4ownk1b5G6KxCjl5L58DN+LQjPDIzTJjUsb/bOKdpFVbz+AStpWlRcg==",
            "secondary_blob_connection_string": "",
            "secondary_blob_endpoint": null,
            "secondary_blob_host": null,
            "secondary_connection_string": "DefaultEndpointsProtocol=https;AccountName=stprojectfrcdemolog;AccountKey=W7UU02+AA2Sn6l1BXONy5B4VzYMbCti4ownk1b5G6KxCjl5L58DN+LQjPDIzTJjUsb/bOKdpFVbz+AStpWlRcg==;EndpointSuffix=core.windows.net",
            "secondary_dfs_endpoint": null,
            "secondary_dfs_host": null,
            "secondary_file_endpoint": null,
            "secondary_file_host": null,
            "secondary_location": "",
            "secondary_queue_endpoint": null,
            "secondary_queue_host": null,
            "secondary_table_endpoint": null,
            "secondary_table_host": null,
            "secondary_web_endpoint": null,
            "secondary_web_host": null,
            "sftp_enabled": false,
            "share_properties": [
              {
                "cors_rule": [],
                "retention_policy": [
                  {
                    "days": 7
                  }
                ],
                "smb": []
              }
            ],
            "shared_access_key_enabled": true,
            "static_website": [],
            "table_encryption_key_type": "Service",
            "tags": {
              "env": "demo",
              "stack": "project"
            },
            "timeouts": null
          },
          "sensitive_attributes": [],
          "private": "eyJlMmJmYjczMC1lY2FhLTExZTYtOGY4OC0zNDM2M2JjN2M0YzAiOnsiY3JlYXRlIjozNjAwMDAwMDAwMDAwLCJkZWxldGUiOjM2MDAwMDAwMDAwMDAsInJlYWQiOjMwMDAwMDAwMDAwMCwidXBkYXRlIjozNjAwMDAwMDAwMDAwfSwic2NoZW1hX3ZlcnNpb24iOiIzIn0=",
          "dependencies": [
            "module.democluster.module.omslogs.data.azurecaf_name.storage_account",
            "module.democluster.module.omslogs.module.storage_logs.data.azurecaf_name.sa",
            "module.rg.azurerm_management_lock.resource_group_level_lock",
            "module.rg.azurerm_resource_group.main_rg",
            "module.rg.data.azurecaf_name.rg"
          ]
        }
      ]
    },
    {
      "module": "module.democluster.module.omslogs.module.storage_logs.module.diagnostics",
      "mode": "data",
      "type": "azurecaf_name",
      "name": "diag",
      "provider": "provider[\"registry.terraform.io/aztfmod/azurecaf\"]",
      "instances": [
        {
          "schema_version": 0,
          "attributes": {
            "clean_input": true,
            "id": "amds-default",
            "name": "default",
            "passthrough": false,
            "prefixes": null,
            "random_length": 0,
            "random_seed": null,
            "resource_type": "azurerm_monitor_diagnostic_setting",
            "result": "amds-default",
            "separator": "-",
            "suffixes": null,
            "use_slug": true
          },
          "sensitive_attributes": []
        }
      ]
    },
    {
      "module": "module.democluster.module.omslogs.module.storage_logs.module.diagnostics_type[\"blob\"]",
      "mode": "data",
      "type": "azurecaf_name",
      "name": "diag",
      "provider": "provider[\"registry.terraform.io/aztfmod/azurecaf\"]",
      "instances": [
        {
          "schema_version": 0,
          "attributes": {
            "clean_input": true,
            "id": "amds-default",
            "name": "default",
            "passthrough": false,
            "prefixes": null,
            "random_length": 0,
            "random_seed": null,
            "resource_type": "azurerm_monitor_diagnostic_setting",
            "result": "amds-default",
            "separator": "-",
            "suffixes": null,
            "use_slug": true
          },
          "sensitive_attributes": []
        }
      ]
    },
    {
      "module": "module.democluster.module.omslogs.module.storage_logs.module.diagnostics_type[\"file\"]",
      "mode": "data",
      "type": "azurecaf_name",
      "name": "diag",
      "provider": "provider[\"registry.terraform.io/aztfmod/azurecaf\"]",
      "instances": [
        {
          "schema_version": 0,
          "attributes": {
            "clean_input": true,
            "id": "amds-default",
            "name": "default",
            "passthrough": false,
            "prefixes": null,
            "random_length": 0,
            "random_seed": null,
            "resource_type": "azurerm_monitor_diagnostic_setting",
            "result": "amds-default",
            "separator": "-",
            "suffixes": null,
            "use_slug": true
          },
          "sensitive_attributes": []
        }
      ]
    },
    {
      "module": "module.democluster.module.omslogs.module.storage_logs.module.diagnostics_type[\"queue\"]",
      "mode": "data",
      "type": "azurecaf_name",
      "name": "diag",
      "provider": "provider[\"registry.terraform.io/aztfmod/azurecaf\"]",
      "instances": [
        {
          "schema_version": 0,
          "attributes": {
            "clean_input": true,
            "id": "amds-default",
            "name": "default",
            "passthrough": false,
            "prefixes": null,
            "random_length": 0,
            "random_seed": null,
            "resource_type": "azurerm_monitor_diagnostic_setting",
            "result": "amds-default",
            "separator": "-",
            "suffixes": null,
            "use_slug": true
          },
          "sensitive_attributes": []
        }
      ]
    },
    {
      "module": "module.democluster.module.omslogs.module.storage_logs.module.diagnostics_type[\"table\"]",
      "mode": "data",
      "type": "azurecaf_name",
      "name": "diag",
      "provider": "provider[\"registry.terraform.io/aztfmod/azurecaf\"]",
      "instances": [
        {
          "schema_version": 0,
          "attributes": {
            "clean_input": true,
            "id": "amds-default",
            "name": "default",
            "passthrough": false,
            "prefixes": null,
            "random_length": 0,
            "random_seed": null,
            "resource_type": "azurerm_monitor_diagnostic_setting",
            "result": "amds-default",
            "separator": "-",
            "suffixes": null,
            "use_slug": true
          },
          "sensitive_attributes": []
        }
      ]
    },
    {
      "module": "module.rg",
      "mode": "data",
      "type": "azurecaf_name",
      "name": "rg",
      "provider": "provider[\"registry.terraform.io/aztfmod/azurecaf\"]",
      "instances": [
        {
          "schema_version": 0,
          "attributes": {
            "clean_input": true,
            "id": "rg-project-ww-demo",
            "name": "project",
            "passthrough": false,
            "prefixes": null,
            "random_length": 0,
            "random_seed": null,
            "resource_type": "azurerm_resource_group",
            "result": "rg-project-ww-demo",
            "separator": "-",
            "suffixes": [
              "ww",
              "demo"
            ],
            "use_slug": true
          },
          "sensitive_attributes": []
        }
      ]
    },
    {
      "module": "module.rg",
      "mode": "managed",
      "type": "azurerm_resource_group",
      "name": "main_rg",
      "provider": "provider[\"registry.terraform.io/hashicorp/azurerm\"]",
      "instances": [
        {
          "schema_version": 0,
          "attributes": {
            "id": "/subscriptions/5f3a474b-cfbc-4d9a-a0d5-2eb4619973d2/resourceGroups/rg-project-ww-demo",
            "location": "francecentral",
            "name": "rg-project-ww-demo",
            "tags": {
              "env": "demo",
              "stack": "project"
            },
            "timeouts": null
          },
          "sensitive_attributes": [],
          "private": "eyJlMmJmYjczMC1lY2FhLTExZTYtOGY4OC0zNDM2M2JjN2M0YzAiOnsiY3JlYXRlIjo1NDAwMDAwMDAwMDAwLCJkZWxldGUiOjU0MDAwMDAwMDAwMDAsInJlYWQiOjMwMDAwMDAwMDAwMCwidXBkYXRlIjo1NDAwMDAwMDAwMDAwfX0=",
          "dependencies": [
            "module.rg.data.azurecaf_name.rg"
          ]
        }
      ]
    }
  ],
  "check_results": [
    {
      "object_kind": "resource",
      "config_addr": "module.democluster.module.logs.module.storage_logs.azurerm_storage_share.share",
      "status": "pass",
      "objects": null
    },
    {
      "object_kind": "resource",
      "config_addr": "module.democluster.module.omslogs.module.storage_logs.azurerm_storage_share.share",
      "status": "pass",
      "objects": null
    }
  ]
}
